
Microsoft Visual Studio Solution File, Format Version 12.00
# Visual Studio 15
VisualStudioVersion = 15.0.28307.489
MinimumVisualStudioVersion = 10.0.40219.1
Project("{FAE04EC0-301F-11D3-BF4B-00C04F79EFBC}") = "Rodjenihm.Lib.Combinatorics", "Rodjenihm.Lib.Combinatorics\Rodjenihm.Lib.Combinatorics.csproj", "{C64EB565-BD3A-4F11-85BC-09EB33C7441E}"
EndProject
Project("{FAE04EC0-301F-11D3-BF4B-00C04F79EFBC}") = "Rodjenihm.Lib.Combinatorics.Test", "Rodjenihm.Lib.Combinatorics.Test\Rodjenihm.Lib.Combinatorics.Test.csproj", "{1830D358-1177-429F-950B-0D0FCD79E17B}"
EndProject
Global
	GlobalSection(SolutionConfigurationPlatforms) = preSolution
		Debug|Any CPU = Debug|Any CPU
		Release|Any CPU = Release|Any CPU
	EndGlobalSection
	GlobalSection(ProjectConfigurationPlatforms) = postSolution
		{C64EB565-BD3A-4F11-85BC-09EB33C7441E}.Debug|Any CPU.ActiveCfg = Debug|Any CPU
		{C64EB565-BD3A-4F11-85BC-09EB33C7441E}.Debug|Any CPU.Build.0 = Debug|Any CPU
		{C64EB565-BD3A-4F11-85BC-09EB33C7441E}.Release|Any CPU.ActiveCfg = Release|Any CPU
		{C64EB565-BD3A-4F11-85BC-09EB33C7441E}.Release|Any CPU.Build.0 = Release|Any CPU
		{1830D358-1177-429F-950B-0D0FCD79E17B}.Debug|Any CPU.ActiveCfg = Debug|Any CPU
		{1830D358-1177-429F-950B-0D0FCD79E17B}.Debug|Any CPU.Build.0 = Debug|Any CPU
		{1830D358-1177-429F-950B-0D0FCD79E17B}.Release|Any CPU.ActiveCfg = Release|Any CPU
		{1830D358-1177-429F-950B-0D0FCD79E17B}.Release|Any CPU.Build.0 = Release|Any CPU
	EndGlobalSection
	GlobalSection(SolutionProperties) = preSolution
		HideSolutionNode = FALSE
	EndGlobalSection
	GlobalSection(ExtensibilityGlobals) = postSolution
		SolutionGuid = {5237845B-A8AD-4B8F-9CA8-5C4CFA2723E0}
	EndGlobalSection
EndGlobal
